
Microsoft Visual Studio Solution File, Format Version 12.00
# Visual Studio Version 17
VisualStudioVersion = 17.3.32901.215
MinimumVisualStudioVersion = 10.0.40219.1
Project("{FAE04EC0-301F-11D3-BF4B-00C04F79EFBC}") = "film_ekle_listesi", "film_ekle_listesi\film_ekle_listesi.csproj", "{C789A6B9-4782-4AB8-AE63-478A79349F1C}"
EndProject
Global
	GlobalSection(SolutionConfigurationPlatforms) = preSolution
		Debug|Any CPU = Debug|Any CPU
		Release|Any CPU = Release|Any CPU
	EndGlobalSection
	GlobalSection(ProjectConfigurationPlatforms) = postSolution
		{C789A6B9-4782-4AB8-AE63-478A79349F1C}.Debug|Any CPU.ActiveCfg = Debug|Any CPU
		{C789A6B9-4782-4AB8-AE63-478A79349F1C}.Debug|Any CPU.Build.0 = Debug|Any CPU
		{C789A6B9-4782-4AB8-AE63-478A79349F1C}.Release|Any CPU.ActiveCfg = Release|Any CPU
		{C789A6B9-4782-4AB8-AE63-478A79349F1C}.Release|Any CPU.Build.0 = Release|Any CPU
	EndGlobalSection
	GlobalSection(SolutionProperties) = preSolution
		HideSolutionNode = FALSE
	EndGlobalSection
	GlobalSection(ExtensibilityGlobals) = postSolution
		SolutionGuid = {14F646CD-A56B-4EB2-A829-FC53D85DFC4B}
	EndGlobalSection
EndGlobal
